version: 1.0
shards:
  exception_page:
    github: crystal-loot/exception_page
    version: 0.1.1

  kemal:
    github: kemalcr/kemal
    version: 0.25.1

  kilt:
    github: jeromegn/kilt
    version: 0.4.0

  magic.cr:
    github: dscottboggs/magic.cr
    commit: edb8d9eeefb0256988895f2011144fefea086448

  radix:
    github: luislavena/radix
    version: 0.3.8

  spec-kemal:
    github: kemalcr/spec-kemal
    commit: 64b89c719234ceb92c0a14762dce3afc6257fffc

