version: 1.0
shards:
  callback:
    github: mosop/callback
    version: 0.6.3

  cli:
    github: mosop/cli
    version: 0.7.0

  exception_page:
    github: crystal-loot/exception_page
    version: 0.1.1

  jwt:
    github: crystal-community/jwt
    version: 0.4.0

  kemal:
    github: kemalcr/kemal
    version: 0.25.1

  kemal-auth-token:
    github: dscottboggs/kemal-auth-token
    commit: a8f3a6b7ecb9c94e0a84332d89598a1c873b6f35

  kilt:
    github: jeromegn/kilt
    version: 0.4.0

  magic:
    github: dscottboggs/magic.cr
    commit: 222834bca5ef65073a2b214dbfb8ccd710c958eb

  optarg:
    github: mosop/optarg
    version: 0.5.8

  radix:
    github: luislavena/radix
    version: 0.3.8

  scrypt:
    github: ysbaddaden/scrypt-crystal
    version: 0.2.2

  spec-kemal:
    github: kemalcr/spec-kemal
    version: 0.5.0

  string_inflection:
    github: mosop/string_inflection
    version: 0.2.1

