version: 1.0
shards:
  exception_page:
    github: crystal-loot/exception_page
    version: 0.1.2

  jwt:
    github: crystal-community/jwt
    version: 0.4.0

  kemal:
    github: kemalcr/kemal
    version: 0.25.2

  kemal-auth-token:
    github: dscottboggs/kemal-auth-token
    commit: a8f3a6b7ecb9c94e0a84332d89598a1c873b6f35

  kilt:
    github: jeromegn/kilt
    version: 0.4.0

  magic:
    github: dscottboggs/magic.cr
    commit: 222834bca5ef65073a2b214dbfb8ccd710c958eb

  radix:
    github: luislavena/radix
    version: 0.3.9

  scrypt:
    github: ysbaddaden/scrypt-crystal
    version: 0.2.2

  spec-kemal:
    github: kemalcr/spec-kemal
    version: 0.5.0

  subtitles:
    github: dscottboggs/subtitles.cr
    commit: 000effc904408d10357771ed2a43683f2491f057

